
Microsoft Visual Studio Solution File, Format Version 12.00
# Visual Studio Version 16
VisualStudioVersion = 16.0.31410.357
MinimumVisualStudioVersion = 10.0.40219.1
Project("{FAE04EC0-301F-11D3-BF4B-00C04F79EFBC}") = "BMICalculationApplication", "BMICalculationApplication\BMICalculationApplication.csproj", "{433B9E20-A580-4506-A4E2-DAD578947219}"
EndProject
Project("{FAE04EC0-301F-11D3-BF4B-00C04F79EFBC}") = "BMIbodyInformationLib", "BMIbodyInformationLib\BMIbodyInformationLib.csproj", "{2B74EC7C-0009-48B2-98D4-1EE57252E57E}"
EndProject
Project("{FAE04EC0-301F-11D3-BF4B-00C04F79EFBC}") = "BMICalculatorLib", "BMICalculatorLib\BMICalculatorLib.csproj", "{B1C5357F-A2B1-49BE-A0F4-0C42AED37070}"
EndProject
Project("{FAE04EC0-301F-11D3-BF4B-00C04F79EFBC}") = "BMIConsoleDisplayLib", "BMIConsoleDisplayLib\BMIConsoleDisplayLib.csproj", "{4086A9EB-A3A9-480A-A228-EC9340016B94}"
EndProject
Project("{FAE04EC0-301F-11D3-BF4B-00C04F79EFBC}") = "BMIValidationLib", "BMIValidationLib\BMIValidationLib.csproj", "{47A1D8B8-0EDA-4252-B184-6D0C94715C53}"
EndProject
Global
	GlobalSection(SolutionConfigurationPlatforms) = preSolution
		Debug|Any CPU = Debug|Any CPU
		Release|Any CPU = Release|Any CPU
	EndGlobalSection
	GlobalSection(ProjectConfigurationPlatforms) = postSolution
		{433B9E20-A580-4506-A4E2-DAD578947219}.Debug|Any CPU.ActiveCfg = Debug|Any CPU
		{433B9E20-A580-4506-A4E2-DAD578947219}.Debug|Any CPU.Build.0 = Debug|Any CPU
		{433B9E20-A580-4506-A4E2-DAD578947219}.Release|Any CPU.ActiveCfg = Release|Any CPU
		{433B9E20-A580-4506-A4E2-DAD578947219}.Release|Any CPU.Build.0 = Release|Any CPU
		{2B74EC7C-0009-48B2-98D4-1EE57252E57E}.Debug|Any CPU.ActiveCfg = Debug|Any CPU
		{2B74EC7C-0009-48B2-98D4-1EE57252E57E}.Debug|Any CPU.Build.0 = Debug|Any CPU
		{2B74EC7C-0009-48B2-98D4-1EE57252E57E}.Release|Any CPU.ActiveCfg = Release|Any CPU
		{2B74EC7C-0009-48B2-98D4-1EE57252E57E}.Release|Any CPU.Build.0 = Release|Any CPU
		{B1C5357F-A2B1-49BE-A0F4-0C42AED37070}.Debug|Any CPU.ActiveCfg = Debug|Any CPU
		{B1C5357F-A2B1-49BE-A0F4-0C42AED37070}.Debug|Any CPU.Build.0 = Debug|Any CPU
		{B1C5357F-A2B1-49BE-A0F4-0C42AED37070}.Release|Any CPU.ActiveCfg = Release|Any CPU
		{B1C5357F-A2B1-49BE-A0F4-0C42AED37070}.Release|Any CPU.Build.0 = Release|Any CPU
		{4086A9EB-A3A9-480A-A228-EC9340016B94}.Debug|Any CPU.ActiveCfg = Debug|Any CPU
		{4086A9EB-A3A9-480A-A228-EC9340016B94}.Debug|Any CPU.Build.0 = Debug|Any CPU
		{4086A9EB-A3A9-480A-A228-EC9340016B94}.Release|Any CPU.ActiveCfg = Release|Any CPU
		{4086A9EB-A3A9-480A-A228-EC9340016B94}.Release|Any CPU.Build.0 = Release|Any CPU
		{47A1D8B8-0EDA-4252-B184-6D0C94715C53}.Debug|Any CPU.ActiveCfg = Debug|Any CPU
		{47A1D8B8-0EDA-4252-B184-6D0C94715C53}.Debug|Any CPU.Build.0 = Debug|Any CPU
		{47A1D8B8-0EDA-4252-B184-6D0C94715C53}.Release|Any CPU.ActiveCfg = Release|Any CPU
		{47A1D8B8-0EDA-4252-B184-6D0C94715C53}.Release|Any CPU.Build.0 = Release|Any CPU
	EndGlobalSection
	GlobalSection(SolutionProperties) = preSolution
		HideSolutionNode = FALSE
	EndGlobalSection
	GlobalSection(ExtensibilityGlobals) = postSolution
		SolutionGuid = {4E68BCA7-7496-4B99-A0B1-5F5EC161BB5B}
	EndGlobalSection
EndGlobal
